// !$*UTF8*$!
{
	archiveVersion = 1;
	classes = {
	};
	objectVersion = 46;
	objects = {

/* Begin PBXBuildFile section */
		8C95D00E20525AF40010172E /* main.m in Sources */ = {isa = PBXBuildFile; fileRef = 8C95D00D20525AF40010172E /* main.m */; };
		8C95D01120525AF40010172E /* AppDelegate.m in Sources */ = {isa = PBXBuildFile; fileRef = 8C95D01020525AF40010172E /* AppDelegate.m */; };
		8C95D01420525AF40010172E /* ViewController.m in Sources */ = {isa = PBXBuildFile; fileRef = 8C95D01320525AF40010172E /* ViewController.m */; };
		8C95D01720525AF40010172E /* Main.storyboard in Resources */ = {isa = PBXBuildFile; fileRef = 8C95D01520525AF40010172E /* Main.storyboard */; };
		8C95D01920525AF40010172E /* Assets.xcassets in Resources */ = {isa = PBXBuildFile; fileRef = 8C95D01820525AF40010172E /* Assets.xcassets */; };
		8C95D01C20525AF40010172E /* LaunchScreen.storyboard in Resources */ = {isa = PBXBuildFile; fileRef = 8C95D01A20525AF40010172E /* LaunchScreen.storyboard */; };
		8C95D02720525AF40010172E /* ________Tests.m in Sources */ = {isa = PBXBuildFile; fileRef = 8C95D02620525AF40010172E /* ________Tests.m */; };
		8C95D03220525AF40010172E /* ________UITests.m in Sources */ = {isa = PBXBuildFile; fileRef = 8C95D03120525AF40010172E /* ________UITests.m */; };
/* End PBXBuildFile section */

/* Begin PBXContainerItemProxy section */
		8C95D02320525AF40010172E /* PBXContainerItemProxy */ = {
			isa = PBXContainerItemProxy;
			containerPortal = 8C95D00120525AF40010172E /* Project object */;
			proxyType = 1;
			remoteGlobalIDString = 8C95D00820525AF40010172E;
			remoteInfo = "迷人的引导页样式";
		};
		8C95D02E20525AF40010172E /* PBXContainerItemProxy */ = {
			isa = PBXContainerItemProxy;
			containerPortal = 8C95D00120525AF40010172E /* Project object */;
			proxyType = 1;
			remoteGlobalIDString = 8C95D00820525AF40010172E;
			remoteInfo = "迷人的引导页样式";
		};
/* End PBXContainerItemProxy section */

/* Begin PBXFileReference section */
		8C95D00920525AF40010172E /* 迷人的引导页样式.app */ = {isa = PBXFileReference; explicitFileType = wrapper.application; includeInIndex = 0; path = "迷人的引导页样式.app"; sourceTree = BUILT_PRODUCTS_DIR; };
		8C95D00D20525AF40010172E /* main.m */ = {isa = PBXFileReference; lastKnownFileType = sourcecode.c.objc; path = main.m; sourceTree = "<group>"; };
		8C95D00F20525AF40010172E /* AppDelegate.h */ = {isa = PBXFileReference; lastKnownFileType = sourcecode.c.h; path = AppDelegate.h; sourceTree = "<group>"; };
		8C95D01020525AF40010172E /* AppDelegate.m */ = {isa = PBXFileReference; lastKnownFileType = sourcecode.c.objc; path = AppDelegate.m; sourceTree = "<group>"; };
		8C95D01220525AF40010172E /* ViewController.h */ = {isa = PBXFileReference; lastKnownFileType = sourcecode.c.h; path = ViewController.h; sourceTree = "<group>"; };
		8C95D01320525AF40010172E /* ViewController.m */ = {isa = PBXFileReference; lastKnownFileType = sourcecode.c.objc; path = ViewController.m; sourceTree = "<group>"; };
		8C95D01620525AF40010172E /* Base */ = {isa = PBXFileReference; lastKnownFileType = file.storyboard; name = Base; path = Base.lproj/Main.storyboard; sourceTree = "<group>"; };
		8C95D01820525AF40010172E /* Assets.xcassets */ = {isa = PBXFileReference; lastKnownFileType = folder.assetcatalog; path = Assets.xcassets; sourceTree = "<group>"; };
		8C95D01B20525AF40010172E /* Base */ = {isa = PBXFileReference; lastKnownFileType = file.storyboard; name = Base; path = Base.lproj/LaunchScreen.storyboard; sourceTree = "<group>"; };
		8C95D01D20525AF40010172E /* Info.plist */ = {isa = PBXFileReference; lastKnownFileType = text.plist.xml; path = Info.plist; sourceTree = "<group>"; };
		8C95D02220525AF40010172E /* 迷人的引导页样式Tests.xctest */ = {isa = PBXFileReference; explicitFileType = wrapper.cfbundle; includeInIndex = 0; path = "迷人的引导页样式Tests.xctest"; sourceTree = BUILT_PRODUCTS_DIR; };
		8C95D02620525AF40010172E /* ________Tests.m */ = {isa = PBXFileReference; lastKnownFileType = sourcecode.c.objc; path = "________Tests.m"; sourceTree = "<group>"; };
		8C95D02820525AF40010172E /* Info.plist */ = {isa = PBXFileReference; lastKnownFileType = text.plist.xml; path = Info.plist; sourceTree = "<group>"; };
		8C95D02D20525AF40010172E /* 迷人的引导页样式UITests.xctest */ = {isa = PBXFileReference; explicitFileType = wrapper.cfbundle; includeInIndex = 0; path = "迷人的引导页样式UITests.xctest"; sourceTree = BUILT_PRODUCTS_DIR; };
		8C95D03120525AF40010172E /* ________UITests.m */ = {isa = PBXFileReference; lastKnownFileType = sourcecode.c.objc; path = "________UITests.m"; sourceTree = "<group>"; };
		8C95D03320525AF40010172E /* Info.plist */ = {isa = PBXFileReference; lastKnownFileType = text.plist.xml; path = Info.plist; sourceTree = "<group>"; };
/* End PBXFileReference section */

/* Begin PBXFrameworksBuildPhase section */
		8C95D00620525AF40010172E /* Frameworks */ = {
			isa = PBXFrameworksBuildPhase;
			buildActionMask = 2147483647;
			files = (
			);
			runOnlyForDeploymentPostprocessing = 0;
		};
		8C95D01F20525AF40010172E /* Frameworks */ = {
			isa = PBXFrameworksBuildPhase;
			buildActionMask = 2147483647;
			files = (
			);
			runOnlyForDeploymentPostprocessing = 0;
		};
		8C95D02A20525AF40010172E /* Frameworks */ = {
			isa = PBXFrameworksBuildPhase;
			buildActionMask = 2147483647;
			files = (
			);
			runOnlyForDeploymentPostprocessing = 0;
		};
/* End PBXFrameworksBuildPhase section */

/* Begin PBXGroup section */
		8C95D00020525AF40010172E = {
			isa = PBXGroup;
			children = (
				8C95D00B20525AF40010172E /* 迷人的引导页样式 */,
				8C95D02520525AF40010172E /* 迷人的引导页样式Tests */,
				8C95D03020525AF40010172E /* 迷人的引导页样式UITests */,
				8C95D00A20525AF40010172E /* Products */,
			);
			sourceTree = "<group>";
		};
		8C95D00A20525AF40010172E /* Products */ = {
			isa = PBXGroup;
			children = (
				8C95D00920525AF40010172E /* 迷人的引导页样式.app */,
				8C95D02220525AF40010172E /* 迷人的引导页样式Tests.xctest */,
				8C95D02D20525AF40010172E /* 迷人的引导页样式UITests.xctest */,
			);
			name = Products;
			sourceTree = "<group>";
		};
		8C95D00B20525AF40010172E /* 迷人的引导页样式 */ = {
			isa = PBXGroup;
			children = (
				8C95D00F20525AF40010172E /* AppDelegate.h */,
				8C95D01020525AF40010172E /* AppDelegate.m */,
				8C95D01220525AF40010172E /* ViewController.h */,
				8C95D01320525AF40010172E /* ViewController.m */,
				8C95D01520525AF40010172E /* Main.storyboard */,
				8C95D01820525AF40010172E /* Assets.xcassets */,
				8C95D01A20525AF40010172E /* LaunchScreen.storyboard */,
				8C95D01D20525AF40010172E /* Info.plist */,
				8C95D00C20525AF40010172E /* Supporting Files */,
			);
			path = "迷人的引导页样式";
			sourceTree = "<group>";
		};
		8C95D00C20525AF40010172E /* Supporting Files */ = {
			isa = PBXGroup;
			children = (
				8C95D00D20525AF40010172E /* main.m */,
			);
			name = "Supporting Files";
			sourceTree = "<group>";
		};
		8C95D02520525AF40010172E /* 迷人的引导页样式Tests */ = {
			isa = PBXGroup;
			children = (
				8C95D02620525AF40010172E /* ________Tests.m */,
				8C95D02820525AF40010172E /* Info.plist */,
			);
			path = "迷人的引导页样式Tests";
			sourceTree = "<group>";
		};
		8C95D03020525AF40010172E /* 迷人的引导页样式UITests */ = {
			isa = PBXGroup;
			children = (
				8C95D03120525AF40010172E /* ________UITests.m */,
				8C95D03320525AF40010172E /* Info.plist */,
			);
			path = "迷人的引导页样式UITests";
			sourceTree = "<group>";
		};
/* End PBXGroup section */

/* Begin PBXNativeTarget section */
		8C95D00820525AF40010172E /* 迷人的引导页样式 */ = {
			isa = PBXNativeTarget;
			buildConfigurationList = 8C95D03620525AF40010172E /* Build configuration list for PBXNativeTarget "迷人的引导页样式" */;
			buildPhases = (
				8C95D00520525AF40010172E /* Sources */,
				8C95D00620525AF40010172E /* Frameworks */,
				8C95D00720525AF40010172E /* Resources */,
			);
			buildRules = (
			);
			dependencies = (
			);
			name = "迷人的引导页样式";
			productName = "迷人的引导页样式";
			productReference = 8C95D00920525AF40010172E /* 迷人的引导页样式.app */;
			productType = "com.apple.product-type.application";
		};
		8C95D02120525AF40010172E /* 迷人的引导页样式Tests */ = {
			isa = PBXNativeTarget;
			buildConfigurationList = 8C95D03920525AF40010172E /* Build configuration list for PBXNativeTarget "迷人的引导页样式Tests" */;
			buildPhases = (
				8C95D01E20525AF40010172E /* Sources */,
				8C95D01F20525AF40010172E /* Frameworks */,
				8C95D02020525AF40010172E /* Resources */,
			);
			buildRules = (
			);
			dependencies = (
				8C95D02420525AF40010172E /* PBXTargetDependency */,
			);
			name = "迷人的引导页样式Tests";
			productName = "迷人的引导页样式Tests";
			productReference = 8C95D02220525AF40010172E /* 迷人的引导页样式Tests.xctest */;
			productType = "com.apple.product-type.bundle.unit-test";
		};
		8C95D02C20525AF40010172E /* 迷人的引导页样式UITests */ = {
			isa = PBXNativeTarget;
			buildConfigurationList = 8C95D03C20525AF40010172E /* Build configuration list for PBXNativeTarget "迷人的引导页样式UITests" */;
			buildPhases = (
				8C95D02920525AF40010172E /* Sources */,
				8C95D02A20525AF40010172E /* Frameworks */,
				8C95D02B20525AF40010172E /* Resources */,
			);
			buildRules = (
			);
			dependencies = (
				8C95D02F20525AF40010172E /* PBXTargetDependency */,
			);
			name = "迷人的引导页样式UITests";
			productName = "迷人的引导页样式UITests";
			productReference = 8C95D02D20525AF40010172E /* 迷人的引导页样式UITests.xctest */;
			productType = "com.apple.product-type.bundle.ui-testing";
		};
/* End PBXNativeTarget section */

/* Begin PBXProject section */
		8C95D00120525AF40010172E /* Project object */ = {
			isa = PBXProject;
			attributes = {
				LastUpgradeCheck = 0830;
				ORGANIZATIONNAME = "Chongqing Huayu Network Education Technology Co., Ltd.";
				TargetAttributes = {
					8C95D00820525AF40010172E = {
						CreatedOnToolsVersion = 8.3.2;
						ProvisioningStyle = Automatic;
					};
					8C95D02120525AF40010172E = {
						CreatedOnToolsVersion = 8.3.2;
						ProvisioningStyle = Automatic;
						TestTargetID = 8C95D00820525AF40010172E;
					};
					8C95D02C20525AF40010172E = {
						CreatedOnToolsVersion = 8.3.2;
						ProvisioningStyle = Automatic;
						TestTargetID = 8C95D00820525AF40010172E;
					};
				};
			};
			buildConfigurationList = 8C95D00420525AF40010172E /* Build configuration list for PBXProject "迷人的引导页样式" */;
			compatibilityVersion = "Xcode 3.2";
			developmentRegion = English;
			hasScannedForEncodings = 0;
			knownRegions = (
				en,
				Base,
			);
			mainGroup = 8C95D00020525AF40010172E;
			productRefGroup = 8C95D00A20525AF40010172E /* Products */;
			projectDirPath = "";
			projectRoot = "";
			targets = (
				8C95D00820525AF40010172E /* 迷人的引导页样式 */,
				8C95D02120525AF40010172E /* 迷人的引导页样式Tests */,
				8C95D02C20525AF40010172E /* 迷人的引导页样式UITests */,
			);
		};
/* End PBXProject section */

/* Begin PBXResourcesBuildPhase section */
		8C95D00720525AF40010172E /* Resources */ = {
			isa = PBXResourcesBuildPhase;
			buildActionMask = 2147483647;
			files = (
				8C95D01C20525AF40010172E /* LaunchScreen.storyboard in Resources */,
				8C95D01920525AF40010172E /* Assets.xcassets in Resources */,
				8C95D01720525AF40010172E /* Main.storyboard in Resources */,
			);
			runOnlyForDeploymentPostprocessing = 0;
		};
		8C95D02020525AF40010172E /* Resources */ = {
			isa = PBXResourcesBuildPhase;
			buildActionMask = 2147483647;
			files = (
			);
			runOnlyForDeploymentPostprocessing = 0;
		};
		8C95D02B20525AF40010172E /* Resources */ = {
			isa = PBXResourcesBuildPhase;
			buildActionMask = 2147483647;
			files = (
			);
			runOnlyForDeploymentPostprocessing = 0;
		};
/* End PBXResourcesBuildPhase section */

/* Begin PBXSourcesBuildPhase section */
		8C95D00520525AF40010172E /* Sources */ = {
			isa = PBXSourcesBuildPhase;
			buildActionMask = 2147483647;
			files = (
				8C95D01420525AF40010172E /* ViewController.m in Sources */,
				8C95D01120525AF40010172E /* AppDelegate.m in Sources */,
				8C95D00E20525AF40010172E /* main.m in Sources */,
			);
			runOnlyForDeploymentPostprocessing = 0;
		};
		8C95D01E20525AF40010172E /* Sources */ = {
			isa = PBXSourcesBuildPhase;
			buildActionMask = 2147483647;
			files = (
				8C95D02720525AF40010172E /* ________Tests.m in Sources */,
			);
			runOnlyForDeploymentPostprocessing = 0;
		};
		8C95D02920525AF40010172E /* Sources */ = {
			isa = PBXSourcesBuildPhase;
			buildActionMask = 2147483647;
			files = (
				8C95D03220525AF40010172E /* ________UITests.m in Sources */,
			);
			runOnlyForDeploymentPostprocessing = 0;
		};
/* End PBXSourcesBuildPhase section */

/* Begin PBXTargetDependency section */
		8C95D02420525AF40010172E /* PBXTargetDependency */ = {
			isa = PBXTargetDependency;
			target = 8C95D00820525AF40010172E /* 迷人的引导页样式 */;
			targetProxy = 8C95D02320525AF40010172E /* PBXContainerItemProxy */;
		};
		8C95D02F20525AF40010172E /* PBXTargetDependency */ = {
			isa = PBXTargetDependency;
			target = 8C95D00820525AF40010172E /* 迷人的引导页样式 */;
			targetProxy = 8C95D02E20525AF40010172E /* PBXContainerItemProxy */;
		};
/* End PBXTargetDependency section */

/* Begin PBXVariantGroup section */
		8C95D01520525AF40010172E /* Main.storyboard */ = {
			isa = PBXVariantGroup;
			children = (
				8C95D01620525AF40010172E /* Base */,
			);
			name = Main.storyboard;
			sourceTree = "<group>";
		};
		8C95D01A20525AF40010172E /* LaunchScreen.storyboard */ = {
			isa = PBXVariantGroup;
			children = (
				8C95D01B20525AF40010172E /* Base */,
			);
			name = LaunchScreen.storyboard;
			sourceTree = "<group>";
		};
/* End PBXVariantGroup section */

/* Begin XCBuildConfiguration section */
		8C95D03420525AF40010172E /* Debug */ = {
			isa = XCBuildConfiguration;
			buildSettings = {
				ALWAYS_SEARCH_USER_PATHS = NO;
				CLANG_ANALYZER_NONNULL = YES;
				CLANG_ANALYZER_NUMBER_OBJECT_CONVERSION = YES_AGGRESSIVE;
				CLANG_CXX_LANGUAGE_STANDARD = "gnu++0x";
				CLANG_CXX_LIBRARY = "libc++";
				CLANG_ENABLE_MODULES = YES;
				CLANG_ENABLE_OBJC_ARC = YES;
				CLANG_WARN_BOOL_CONVERSION = YES;
				CLANG_WARN_CONSTANT_CONVERSION = YES;
				CLANG_WARN_DIRECT_OBJC_ISA_USAGE = YES_ERROR;
				CLANG_WARN_DOCUMENTATION_COMMENTS = YES;
				CLANG_WARN_EMPTY_BODY = YES;
				CLANG_WARN_ENUM_CONVERSION = YES;
				CLANG_WARN_INFINITE_RECURSION = YES;
				CLANG_WARN_INT_CONVERSION = YES;
				CLANG_WARN_OBJC_ROOT_CLASS = YES_ERROR;
				CLANG_WARN_SUSPICIOUS_MOVE = YES;
				CLANG_WARN_UNREACHABLE_CODE = YES;
				CLANG_WARN__DUPLICATE_METHOD_MATCH = YES;
				"CODE_SIGN_IDENTITY[sdk=iphoneos*]" = "iPhone Developer";
				COPY_PHASE_STRIP = NO;
				DEBUG_INFORMATION_FORMAT = dwarf;
				ENABLE_STRICT_OBJC_MSGSEND = YES;
				ENABLE_TESTABILITY = YES;
				GCC_C_LANGUAGE_STANDARD = gnu99;
				GCC_DYNAMIC_NO_PIC = NO;
				GCC_NO_COMMON_BLOCKS = YES;
				GCC_OPTIMIZATION_LEVEL = 0;
				GCC_PREPROCESSOR_DEFINITIONS = (
					"DEBUG=1",
					"$(inherited)",
				);
				GCC_WARN_64_TO_32_BIT_CONVERSION = YES;
				GCC_WARN_ABOUT_RETURN_TYPE = YES_ERROR;
				GCC_WARN_UNDECLARED_SELECTOR = YES;
				GCC_WARN_UNINITIALIZED_AUTOS = YES_AGGRESSIVE;
				GCC_WARN_UNUSED_FUNCTION = YES;
				GCC_WARN_UNUSED_VARIABLE = YES;
				IPHONEOS_DEPLOYMENT_TARGET = 10.3;
				MTL_ENABLE_DEBUG_INFO = YES;
				ONLY_ACTIVE_ARCH = YES;
				SDKROOT = iphoneos;
			};
			name = Debug;
		};
		8C95D03520525AF40010172E /* Release */ = {
			isa = XCBuildConfiguration;
			buildSettings = {
				ALWAYS_SEARCH_USER_PATHS = NO;
				CLANG_ANALYZER_NONNULL = YES;
				CLANG_ANALYZER_NUMBER_OBJECT_CONVERSION = YES_AGGRESSIVE;
				CLANG_CXX_LANGUAGE_STANDARD = "gnu++0x";
				CLANG_CXX_LIBRARY = "libc++";
				CLANG_ENABLE_MODULES = YES;
				CLANG_ENABLE_OBJC_ARC = YES;
				CLANG_WARN_BOOL_CONVERSION = YES;
				CLANG_WARN_CONSTANT_CONVERSION = YES;
				CLANG_WARN_DIRECT_OBJC_ISA_USAGE = YES_ERROR;
				CLANG_WARN_DOCUMENTATION_COMMENTS = YES;
				CLANG_WARN_EMPTY_BODY = YES;
				CLANG_WARN_ENUM_CONVERSION = YES;
				CLANG_WARN_INFINITE_RECURSION = YES;
				CLANG_WARN_INT_CONVERSION = YES;
				CLANG_WARN_OBJC_ROOT_CLASS = YES_ERROR;
				CLANG_WARN_SUSPICIOUS_MOVE = YES;
				CLANG_WARN_UNREACHABLE_CODE = YES;
				CLANG_WARN__DUPLICATE_METHOD_MATCH = YES;
				"CODE_SIGN_IDENTITY[sdk=iphoneos*]" = "iPhone Developer";
				COPY_PHASE_STRIP = NO;
				DEBUG_INFORMATION_FORMAT = "dwarf-with-dsym";
				ENABLE_NS_ASSERTIONS = NO;
				ENABLE_STRICT_OBJC_MSGSEND = YES;
				GCC_C_LANGUAGE_STANDARD = gnu99;
				GCC_NO_COMMON_BLOCKS = YES;
				GCC_WARN_64_TO_32_BIT_CONVERSION = YES;
				GCC_WARN_ABOUT_RETURN_TYPE = YES_ERROR;
				GCC_WARN_UNDECLARED_SELECTOR = YES;
				GCC_WARN_UNINITIALIZED_AUTOS = YES_AGGRESSIVE;
				GCC_WARN_UNUSED_FUNCTION = YES;
				GCC_WARN_UNUSED_VARIABLE = YES;
				IPHONEOS_DEPLOYMENT_TARGET = 10.3;
				MTL_ENABLE_DEBUG_INFO = NO;
				SDKROOT = iphoneos;
				VALIDATE_PRODUCT = YES;
			};
			name = Release;
		};
		8C95D03720525AF40010172E /* Debug */ = {
			isa = XCBuildConfiguration;
			buildSettings = {
				ASSETCATALOG_COMPILER_APPICON_NAME = AppIcon;
				INFOPLIST_FILE = "迷人的引导页样式/Info.plist";
				LD_RUNPATH_SEARCH_PATHS = "$(inherited) @executable_path/Frameworks";
				PRODUCT_BUNDLE_IDENTIFIER = "com.huayu.--------";
				PRODUCT_NAME = "$(TARGET_NAME)";
			};
			name = Debug;
		};
		8C95D03820525AF40010172E /* Release */ = {
			isa = XCBuildConfiguration;
			buildSettings = {
				ASSETCATALOG_COMPILER_APPICON_NAME = AppIcon;
				INFOPLIST_FILE = "迷人的引导页样式/Info.plist";
				LD_RUNPATH_SEARCH_PATHS = "$(inherited) @executable_path/Frameworks";
				PRODUCT_BUNDLE_IDENTIFIER = "com.huayu.--------";
				PRODUCT_NAME = "$(TARGET_NAME)";
			};
			name = Release;
		};
		8C95D03A20525AF40010172E /* Debug */ = {
			isa = XCBuildConfiguration;
			buildSettings = {
				BUNDLE_LOADER = "$(TEST_HOST)";
				INFOPLIST_FILE = "迷人的引导页样式Tests/Info.plist";
				LD_RUNPATH_SEARCH_PATHS = "$(inherited) @executable_path/Frameworks @loader_path/Frameworks";
				PRODUCT_BUNDLE_IDENTIFIER = "com.huayu.--------Tests";
				PRODUCT_NAME = "$(TARGET_NAME)";
				TEST_HOST = "$(BUILT_PRODUCTS_DIR)/迷人的引导页样式.app/迷人的引导页样式";
			};
			name = Debug;
		};
		8C95D03B20525AF40010172E /* Release */ = {
			isa = XCBuildConfiguration;
			buildSettings = {
				BUNDLE_LOADER = "$(TEST_HOST)";
				INFOPLIST_FILE = "迷人的引导页样式Tests/Info.plist";
				LD_RUNPATH_SEARCH_PATHS = "$(inherited) @executable_path/Frameworks @loader_path/Frameworks";
				PRODUCT_BUNDLE_IDENTIFIER = "com.huayu.--------Tests";
				PRODUCT_NAME = "$(TARGET_NAME)";
				TEST_HOST = "$(BUILT_PRODUCTS_DIR)/迷人的引导页样式.app/迷人的引导页样式";
			};
			name = Release;
		};
		8C95D03D20525AF40010172E /* Debug */ = {
			isa = XCBuildConfiguration;
			buildSettings = {
				INFOPLIST_FILE = "迷人的引导页样式UITests/Info.plist";
				LD_RUNPATH_SEARCH_PATHS = "$(inherited) @executable_path/Frameworks @loader_path/Frameworks";
				PRODUCT_BUNDLE_IDENTIFIER = "com.huayu.--------UITests";
				PRODUCT_NAME = "$(TARGET_NAME)";
				TEST_TARGET_NAME = "迷人的引导页样式";
			};
			name = Debug;
		};
		8C95D03E20525AF40010172E /* Release */ = {
			isa = XCBuildConfiguration;
			buildSettings = {
				INFOPLIST_FILE = "迷人的引导页样式UITests/Info.plist";
				LD_RUNPATH_SEARCH_PATHS = "$(inherited) @executable_path/Frameworks @loader_path/Frameworks";
				PRODUCT_BUNDLE_IDENTIFIER = "com.huayu.--------UITests";
				PRODUCT_NAME = "$(TARGET_NAME)";
				TEST_TARGET_NAME = "迷人的引导页样式";
			};
			name = Release;
		};
/* End XCBuildConfiguration section */

/* Begin XCConfigurationList section */
		8C95D00420525AF40010172E /* Build configuration list for PBXProject "迷人的引导页样式" */ = {
			isa = XCConfigurationList;
			buildConfigurations = (
				8C95D03420525AF40010172E /* Debug */,
				8C95D03520525AF40010172E /* Release */,
			);
			defaultConfigurationIsVisible = 0;
			defaultConfigurationName = Release;
		};
		8C95D03620525AF40010172E /* Build configuration list for PBXNativeTarget "迷人的引导页样式" */ = {
			isa = XCConfigurationList;
			buildConfigurations = (
				8C95D03720525AF40010172E /* Debug */,
				8C95D03820525AF40010172E /* Release */,
			);
			defaultConfigurationIsVisible = 0;
		};
		8C95D03920525AF40010172E /* Build configuration list for PBXNativeTarget "迷人的引导页样式Tests" */ = {
			isa = XCConfigurationList;
			buildConfigurations = (
				8C95D03A20525AF40010172E /* Debug */,
				8C95D03B20525AF40010172E /* Release */,
			);
			defaultConfigurationIsVisible = 0;
		};
		8C95D03C20525AF40010172E /* Build configuration list for PBXNativeTarget "迷人的引导页样式UITests" */ = {
			isa = XCConfigurationList;
			buildConfigurations = (
				8C95D03D20525AF40010172E /* Debug */,
				8C95D03E20525AF40010172E /* Release */,
			);
			defaultConfigurationIsVisible = 0;
		};
/* End XCConfigurationList section */
	};
	rootObject = 8C95D00120525AF40010172E /* Project object */;
}
